
Microsoft Visual Studio Solution File, Format Version 12.00
# Visual Studio Version 16
VisualStudioVersion = 16.0.35325.158
MinimumVisualStudioVersion = 10.0.40219.1
Project("{FAE04EC0-301F-11D3-BF4B-00C04F79EFBC}") = "Arrays", "Arrays\Arrays.csproj", "{2730AF54-90E9-4A74-AF84-6F5460ACBDCF}"
EndProject
Global
	GlobalSection(SolutionConfigurationPlatforms) = preSolution
		Debug|Any CPU = Debug|Any CPU
		Release|Any CPU = Release|Any CPU
	EndGlobalSection
	GlobalSection(ProjectConfigurationPlatforms) = postSolution
		{2730AF54-90E9-4A74-AF84-6F5460ACBDCF}.Debug|Any CPU.ActiveCfg = Debug|Any CPU
		{2730AF54-90E9-4A74-AF84-6F5460ACBDCF}.Debug|Any CPU.Build.0 = Debug|Any CPU
		{2730AF54-90E9-4A74-AF84-6F5460ACBDCF}.Release|Any CPU.ActiveCfg = Release|Any CPU
		{2730AF54-90E9-4A74-AF84-6F5460ACBDCF}.Release|Any CPU.Build.0 = Release|Any CPU
	EndGlobalSection
	GlobalSection(SolutionProperties) = preSolution
		HideSolutionNode = FALSE
	EndGlobalSection
	GlobalSection(ExtensibilityGlobals) = postSolution
		SolutionGuid = {98151915-D112-4F7F-B075-57E99F0C5C48}
	EndGlobalSection
EndGlobal
