
Microsoft Visual Studio Solution File, Format Version 12.00
# Visual Studio Version 16
VisualStudioVersion = 16.0.35325.158
MinimumVisualStudioVersion = 10.0.40219.1
Project("{FAE04EC0-301F-11D3-BF4B-00C04F79EFBC}") = "VirtualMethods", "VirtualMethods\VirtualMethods.csproj", "{0BE57F40-5C8B-40F0-9DC5-21164D863BDE}"
EndProject
Global
	GlobalSection(SolutionConfigurationPlatforms) = preSolution
		Debug|Any CPU = Debug|Any CPU
		Release|Any CPU = Release|Any CPU
	EndGlobalSection
	GlobalSection(ProjectConfigurationPlatforms) = postSolution
		{0BE57F40-5C8B-40F0-9DC5-21164D863BDE}.Debug|Any CPU.ActiveCfg = Debug|Any CPU
		{0BE57F40-5C8B-40F0-9DC5-21164D863BDE}.Debug|Any CPU.Build.0 = Debug|Any CPU
		{0BE57F40-5C8B-40F0-9DC5-21164D863BDE}.Release|Any CPU.ActiveCfg = Release|Any CPU
		{0BE57F40-5C8B-40F0-9DC5-21164D863BDE}.Release|Any CPU.Build.0 = Release|Any CPU
	EndGlobalSection
	GlobalSection(SolutionProperties) = preSolution
		HideSolutionNode = FALSE
	EndGlobalSection
	GlobalSection(ExtensibilityGlobals) = postSolution
		SolutionGuid = {B3D353B2-7291-40B7-913F-58403748044B}
	EndGlobalSection
EndGlobal
